
Microsoft Visual Studio Solution File, Format Version 12.00
# Visual Studio 2013
VisualStudioVersion = 12.0.21005.1
MinimumVisualStudioVersion = 10.0.40219.1
Project("{2150E333-8FDC-42A3-9474-1A3956D46DE8}") = "1.CapaInterfaz", "1.CapaInterfaz", "{97679AA2-7084-4FD7-91AA-45B950627528}"
EndProject
Project("{F184B08F-C81C-45F6-A57F-5ABD9991F28F}") = "Interfaz", "Interfaz\Interfaz.vbproj", "{65DD64FE-0ECF-4119-84C0-6C79C1546A7A}"
	ProjectSection(ProjectDependencies) = postProject
		{C777D717-4429-4D6E-837A-B36E842FC3D8} = {C777D717-4429-4D6E-837A-B36E842FC3D8}
		{F293EB21-9AB7-42D7-BB6D-01E99787CC77} = {F293EB21-9AB7-42D7-BB6D-01E99787CC77}
	EndProjectSection
EndProject
Project("{2150E333-8FDC-42A3-9474-1A3956D46DE8}") = "2.CapaNegocio", "2.CapaNegocio", "{2B5327F5-FD6E-4BF3-9D31-BFC0318A0F45}"
EndProject
Project("{2150E333-8FDC-42A3-9474-1A3956D46DE8}") = "3.CapaDTO", "3.CapaDTO", "{00FA6EDF-301E-4274-ADC7-EE5A48701787}"
EndProject
Project("{2150E333-8FDC-42A3-9474-1A3956D46DE8}") = "4.CapaDatos", "4.CapaDatos", "{9FA531BA-A3FC-4904-9C01-3C6FF7D5BE02}"
EndProject
Project("{F184B08F-C81C-45F6-A57F-5ABD9991F28F}") = "DTO", "DTO\DTO.vbproj", "{F293EB21-9AB7-42D7-BB6D-01E99787CC77}"
EndProject
Project("{F184B08F-C81C-45F6-A57F-5ABD9991F28F}") = "Datos", "Datos\Datos.vbproj", "{E746C3AB-F03C-4C5F-8171-1B97A5CCA497}"
EndProject
Project("{F184B08F-C81C-45F6-A57F-5ABD9991F28F}") = "Negocio", "Negocio\Negocio.vbproj", "{C777D717-4429-4D6E-837A-B36E842FC3D8}"
	ProjectSection(ProjectDependencies) = postProject
		{F293EB21-9AB7-42D7-BB6D-01E99787CC77} = {F293EB21-9AB7-42D7-BB6D-01E99787CC77}
		{E746C3AB-F03C-4C5F-8171-1B97A5CCA497} = {E746C3AB-F03C-4C5F-8171-1B97A5CCA497}
	EndProjectSection
EndProject
Project("{2150E333-8FDC-42A3-9474-1A3956D46DE8}") = "Scripts", "Scripts", "{62981F38-05D0-4616-9EAD-6804FEA19BE4}"
	ProjectSection(SolutionItems) = preProject
		btraductor.sql = btraductor.sql
	EndProjectSection
EndProject
Global
	GlobalSection(SolutionConfigurationPlatforms) = preSolution
		Debug|Any CPU = Debug|Any CPU
		Release|Any CPU = Release|Any CPU
	EndGlobalSection
	GlobalSection(ProjectConfigurationPlatforms) = postSolution
		{65DD64FE-0ECF-4119-84C0-6C79C1546A7A}.Debug|Any CPU.ActiveCfg = Debug|Any CPU
		{65DD64FE-0ECF-4119-84C0-6C79C1546A7A}.Debug|Any CPU.Build.0 = Debug|Any CPU
		{65DD64FE-0ECF-4119-84C0-6C79C1546A7A}.Release|Any CPU.ActiveCfg = Release|Any CPU
		{65DD64FE-0ECF-4119-84C0-6C79C1546A7A}.Release|Any CPU.Build.0 = Release|Any CPU
		{F293EB21-9AB7-42D7-BB6D-01E99787CC77}.Debug|Any CPU.ActiveCfg = Debug|Any CPU
		{F293EB21-9AB7-42D7-BB6D-01E99787CC77}.Debug|Any CPU.Build.0 = Debug|Any CPU
		{F293EB21-9AB7-42D7-BB6D-01E99787CC77}.Release|Any CPU.ActiveCfg = Release|Any CPU
		{F293EB21-9AB7-42D7-BB6D-01E99787CC77}.Release|Any CPU.Build.0 = Release|Any CPU
		{E746C3AB-F03C-4C5F-8171-1B97A5CCA497}.Debug|Any CPU.ActiveCfg = Debug|Any CPU
		{E746C3AB-F03C-4C5F-8171-1B97A5CCA497}.Debug|Any CPU.Build.0 = Debug|Any CPU
		{E746C3AB-F03C-4C5F-8171-1B97A5CCA497}.Release|Any CPU.ActiveCfg = Release|Any CPU
		{E746C3AB-F03C-4C5F-8171-1B97A5CCA497}.Release|Any CPU.Build.0 = Release|Any CPU
		{C777D717-4429-4D6E-837A-B36E842FC3D8}.Debug|Any CPU.ActiveCfg = Debug|Any CPU
		{C777D717-4429-4D6E-837A-B36E842FC3D8}.Debug|Any CPU.Build.0 = Debug|Any CPU
		{C777D717-4429-4D6E-837A-B36E842FC3D8}.Release|Any CPU.ActiveCfg = Release|Any CPU
		{C777D717-4429-4D6E-837A-B36E842FC3D8}.Release|Any CPU.Build.0 = Release|Any CPU
	EndGlobalSection
	GlobalSection(SolutionProperties) = preSolution
		HideSolutionNode = FALSE
	EndGlobalSection
	GlobalSection(NestedProjects) = preSolution
		{65DD64FE-0ECF-4119-84C0-6C79C1546A7A} = {97679AA2-7084-4FD7-91AA-45B950627528}
		{C777D717-4429-4D6E-837A-B36E842FC3D8} = {2B5327F5-FD6E-4BF3-9D31-BFC0318A0F45}
		{F293EB21-9AB7-42D7-BB6D-01E99787CC77} = {00FA6EDF-301E-4274-ADC7-EE5A48701787}
		{E746C3AB-F03C-4C5F-8171-1B97A5CCA497} = {9FA531BA-A3FC-4904-9C01-3C6FF7D5BE02}
	EndGlobalSection
EndGlobal
